
Microsoft Visual Studio Solution File, Format Version 12.00
# Visual Studio 15
VisualStudioVersion = 15.0.27703.2035
MinimumVisualStudioVersion = 10.0.40219.1
Project("{FAE04EC0-301F-11D3-BF4B-00C04F79EFBC}") = "XF.Recursos.Android", "XF.Recursos\XF.Recursos.Android\XF.Recursos.Android.csproj", "{0D6F33CD-EC6E-4C06-A36B-9C722B2212ED}"
EndProject
Project("{FAE04EC0-301F-11D3-BF4B-00C04F79EFBC}") = "XF.Recursos.iOS", "XF.Recursos\XF.Recursos.iOS\XF.Recursos.iOS.csproj", "{6A297170-2EC5-488E-B00E-F6203B55C6DC}"
EndProject
Project("{FAE04EC0-301F-11D3-BF4B-00C04F79EFBC}") = "XF.Recursos", "XF.Recursos\XF.Recursos\XF.Recursos.csproj", "{E55588AE-7703-4ED3-8FBD-DFAE1311C3A3}"
EndProject
Global
	GlobalSection(SolutionConfigurationPlatforms) = preSolution
		Ad-Hoc|Any CPU = Ad-Hoc|Any CPU
		Ad-Hoc|iPhone = Ad-Hoc|iPhone
		Ad-Hoc|iPhoneSimulator = Ad-Hoc|iPhoneSimulator
		AppStore|Any CPU = AppStore|Any CPU
		AppStore|iPhone = AppStore|iPhone
		AppStore|iPhoneSimulator = AppStore|iPhoneSimulator
		Debug|Any CPU = Debug|Any CPU
		Debug|iPhone = Debug|iPhone
		Debug|iPhoneSimulator = Debug|iPhoneSimulator
		Release|Any CPU = Release|Any CPU
		Release|iPhone = Release|iPhone
		Release|iPhoneSimulator = Release|iPhoneSimulator
	EndGlobalSection
	GlobalSection(ProjectConfigurationPlatforms) = postSolution
		{0D6F33CD-EC6E-4C06-A36B-9C722B2212ED}.Ad-Hoc|Any CPU.ActiveCfg = Release|Any CPU
		{0D6F33CD-EC6E-4C06-A36B-9C722B2212ED}.Ad-Hoc|Any CPU.Build.0 = Release|Any CPU
		{0D6F33CD-EC6E-4C06-A36B-9C722B2212ED}.Ad-Hoc|Any CPU.Deploy.0 = Release|Any CPU
		{0D6F33CD-EC6E-4C06-A36B-9C722B2212ED}.Ad-Hoc|iPhone.ActiveCfg = Release|Any CPU
		{0D6F33CD-EC6E-4C06-A36B-9C722B2212ED}.Ad-Hoc|iPhone.Build.0 = Release|Any CPU
		{0D6F33CD-EC6E-4C06-A36B-9C722B2212ED}.Ad-Hoc|iPhone.Deploy.0 = Release|Any CPU
		{0D6F33CD-EC6E-4C06-A36B-9C722B2212ED}.Ad-Hoc|iPhoneSimulator.ActiveCfg = Release|Any CPU
		{0D6F33CD-EC6E-4C06-A36B-9C722B2212ED}.Ad-Hoc|iPhoneSimulator.Build.0 = Release|Any CPU
		{0D6F33CD-EC6E-4C06-A36B-9C722B2212ED}.Ad-Hoc|iPhoneSimulator.Deploy.0 = Release|Any CPU
		{0D6F33CD-EC6E-4C06-A36B-9C722B2212ED}.AppStore|Any CPU.ActiveCfg = Release|Any CPU
		{0D6F33CD-EC6E-4C06-A36B-9C722B2212ED}.AppStore|Any CPU.Build.0 = Release|Any CPU
		{0D6F33CD-EC6E-4C06-A36B-9C722B2212ED}.AppStore|Any CPU.Deploy.0 = Release|Any CPU
		{0D6F33CD-EC6E-4C06-A36B-9C722B2212ED}.AppStore|iPhone.ActiveCfg = Release|Any CPU
		{0D6F33CD-EC6E-4C06-A36B-9C722B2212ED}.AppStore|iPhone.Build.0 = Release|Any CPU
		{0D6F33CD-EC6E-4C06-A36B-9C722B2212ED}.AppStore|iPhone.Deploy.0 = Release|Any CPU
		{0D6F33CD-EC6E-4C06-A36B-9C722B2212ED}.AppStore|iPhoneSimulator.ActiveCfg = Release|Any CPU
		{0D6F33CD-EC6E-4C06-A36B-9C722B2212ED}.AppStore|iPhoneSimulator.Build.0 = Release|Any CPU
		{0D6F33CD-EC6E-4C06-A36B-9C722B2212ED}.AppStore|iPhoneSimulator.Deploy.0 = Release|Any CPU
		{0D6F33CD-EC6E-4C06-A36B-9C722B2212ED}.Debug|Any CPU.ActiveCfg = Debug|Any CPU
		{0D6F33CD-EC6E-4C06-A36B-9C722B2212ED}.Debug|Any CPU.Build.0 = Debug|Any CPU
		{0D6F33CD-EC6E-4C06-A36B-9C722B2212ED}.Debug|Any CPU.Deploy.0 = Debug|Any CPU
		{0D6F33CD-EC6E-4C06-A36B-9C722B2212ED}.Debug|iPhone.ActiveCfg = Debug|Any CPU
		{0D6F33CD-EC6E-4C06-A36B-9C722B2212ED}.Debug|iPhone.Build.0 = Debug|Any CPU
		{0D6F33CD-EC6E-4C06-A36B-9C722B2212ED}.Debug|iPhone.Deploy.0 = Debug|Any CPU
		{0D6F33CD-EC6E-4C06-A36B-9C722B2212ED}.Debug|iPhoneSimulator.ActiveCfg = Debug|Any CPU
		{0D6F33CD-EC6E-4C06-A36B-9C722B2212ED}.Debug|iPhoneSimulator.Build.0 = Debug|Any CPU
		{0D6F33CD-EC6E-4C06-A36B-9C722B2212ED}.Debug|iPhoneSimulator.Deploy.0 = Debug|Any CPU
		{0D6F33CD-EC6E-4C06-A36B-9C722B2212ED}.Release|Any CPU.ActiveCfg = Release|Any CPU
		{0D6F33CD-EC6E-4C06-A36B-9C722B2212ED}.Release|Any CPU.Build.0 = Release|Any CPU
		{0D6F33CD-EC6E-4C06-A36B-9C722B2212ED}.Release|Any CPU.Deploy.0 = Release|Any CPU
		{0D6F33CD-EC6E-4C06-A36B-9C722B2212ED}.Release|iPhone.ActiveCfg = Release|Any CPU
		{0D6F33CD-EC6E-4C06-A36B-9C722B2212ED}.Release|iPhone.Build.0 = Release|Any CPU
		{0D6F33CD-EC6E-4C06-A36B-9C722B2212ED}.Release|iPhone.Deploy.0 = Release|Any CPU
		{0D6F33CD-EC6E-4C06-A36B-9C722B2212ED}.Release|iPhoneSimulator.ActiveCfg = Release|Any CPU
		{0D6F33CD-EC6E-4C06-A36B-9C722B2212ED}.Release|iPhoneSimulator.Build.0 = Release|Any CPU
		{0D6F33CD-EC6E-4C06-A36B-9C722B2212ED}.Release|iPhoneSimulator.Deploy.0 = Release|Any CPU
		{6A297170-2EC5-488E-B00E-F6203B55C6DC}.Ad-Hoc|Any CPU.ActiveCfg = Ad-Hoc|iPhone
		{6A297170-2EC5-488E-B00E-F6203B55C6DC}.Ad-Hoc|Any CPU.Build.0 = Ad-Hoc|iPhone
		{6A297170-2EC5-488E-B00E-F6203B55C6DC}.Ad-Hoc|Any CPU.Deploy.0 = Ad-Hoc|iPhone
		{6A297170-2EC5-488E-B00E-F6203B55C6DC}.Ad-Hoc|iPhone.ActiveCfg = Ad-Hoc|iPhone
		{6A297170-2EC5-488E-B00E-F6203B55C6DC}.Ad-Hoc|iPhone.Build.0 = Ad-Hoc|iPhone
		{6A297170-2EC5-488E-B00E-F6203B55C6DC}.Ad-Hoc|iPhone.Deploy.0 = Ad-Hoc|iPhone
		{6A297170-2EC5-488E-B00E-F6203B55C6DC}.Ad-Hoc|iPhoneSimulator.ActiveCfg = Ad-Hoc|iPhoneSimulator
		{6A297170-2EC5-488E-B00E-F6203B55C6DC}.Ad-Hoc|iPhoneSimulator.Build.0 = Ad-Hoc|iPhoneSimulator
		{6A297170-2EC5-488E-B00E-F6203B55C6DC}.Ad-Hoc|iPhoneSimulator.Deploy.0 = Ad-Hoc|iPhoneSimulator
		{6A297170-2EC5-488E-B00E-F6203B55C6DC}.AppStore|Any CPU.ActiveCfg = AppStore|iPhone
		{6A297170-2EC5-488E-B00E-F6203B55C6DC}.AppStore|Any CPU.Build.0 = AppStore|iPhone
		{6A297170-2EC5-488E-B00E-F6203B55C6DC}.AppStore|Any CPU.Deploy.0 = AppStore|iPhone
		{6A297170-2EC5-488E-B00E-F6203B55C6DC}.AppStore|iPhone.ActiveCfg = AppStore|iPhone
		{6A297170-2EC5-488E-B00E-F6203B55C6DC}.AppStore|iPhone.Build.0 = AppStore|iPhone
		{6A297170-2EC5-488E-B00E-F6203B55C6DC}.AppStore|iPhone.Deploy.0 = AppStore|iPhone
		{6A297170-2EC5-488E-B00E-F6203B55C6DC}.AppStore|iPhoneSimulator.ActiveCfg = AppStore|iPhoneSimulator
		{6A297170-2EC5-488E-B00E-F6203B55C6DC}.AppStore|iPhoneSimulator.Build.0 = AppStore|iPhoneSimulator
		{6A297170-2EC5-488E-B00E-F6203B55C6DC}.AppStore|iPhoneSimulator.Deploy.0 = AppStore|iPhoneSimulator
		{6A297170-2EC5-488E-B00E-F6203B55C6DC}.Debug|Any CPU.ActiveCfg = Debug|iPhoneSimulator
		{6A297170-2EC5-488E-B00E-F6203B55C6DC}.Debug|Any CPU.Build.0 = Debug|iPhoneSimulator
		{6A297170-2EC5-488E-B00E-F6203B55C6DC}.Debug|Any CPU.Deploy.0 = Debug|iPhoneSimulator
		{6A297170-2EC5-488E-B00E-F6203B55C6DC}.Debug|iPhone.ActiveCfg = Debug|iPhone
		{6A297170-2EC5-488E-B00E-F6203B55C6DC}.Debug|iPhone.Build.0 = Debug|iPhone
		{6A297170-2EC5-488E-B00E-F6203B55C6DC}.Debug|iPhone.Deploy.0 = Debug|iPhone
		{6A297170-2EC5-488E-B00E-F6203B55C6DC}.Debug|iPhoneSimulator.ActiveCfg = Debug|iPhoneSimulator
		{6A297170-2EC5-488E-B00E-F6203B55C6DC}.Debug|iPhoneSimulator.Build.0 = Debug|iPhoneSimulator
		{6A297170-2EC5-488E-B00E-F6203B55C6DC}.Debug|iPhoneSimulator.Deploy.0 = Debug|iPhoneSimulator
		{6A297170-2EC5-488E-B00E-F6203B55C6DC}.Release|Any CPU.ActiveCfg = Release|iPhone
		{6A297170-2EC5-488E-B00E-F6203B55C6DC}.Release|Any CPU.Build.0 = Release|iPhone
		{6A297170-2EC5-488E-B00E-F6203B55C6DC}.Release|Any CPU.Deploy.0 = Release|iPhone
		{6A297170-2EC5-488E-B00E-F6203B55C6DC}.Release|iPhone.ActiveCfg = Release|iPhone
		{6A297170-2EC5-488E-B00E-F6203B55C6DC}.Release|iPhone.Build.0 = Release|iPhone
		{6A297170-2EC5-488E-B00E-F6203B55C6DC}.Release|iPhone.Deploy.0 = Release|iPhone
		{6A297170-2EC5-488E-B00E-F6203B55C6DC}.Release|iPhoneSimulator.ActiveCfg = Release|iPhoneSimulator
		{6A297170-2EC5-488E-B00E-F6203B55C6DC}.Release|iPhoneSimulator.Build.0 = Release|iPhoneSimulator
		{6A297170-2EC5-488E-B00E-F6203B55C6DC}.Release|iPhoneSimulator.Deploy.0 = Release|iPhoneSimulator
		{E55588AE-7703-4ED3-8FBD-DFAE1311C3A3}.Ad-Hoc|Any CPU.ActiveCfg = Debug|Any CPU
		{E55588AE-7703-4ED3-8FBD-DFAE1311C3A3}.Ad-Hoc|Any CPU.Build.0 = Debug|Any CPU
		{E55588AE-7703-4ED3-8FBD-DFAE1311C3A3}.Ad-Hoc|Any CPU.Deploy.0 = Debug|Any CPU
		{E55588AE-7703-4ED3-8FBD-DFAE1311C3A3}.Ad-Hoc|iPhone.ActiveCfg = Debug|Any CPU
		{E55588AE-7703-4ED3-8FBD-DFAE1311C3A3}.Ad-Hoc|iPhone.Build.0 = Debug|Any CPU
		{E55588AE-7703-4ED3-8FBD-DFAE1311C3A3}.Ad-Hoc|iPhone.Deploy.0 = Debug|Any CPU
		{E55588AE-7703-4ED3-8FBD-DFAE1311C3A3}.Ad-Hoc|iPhoneSimulator.ActiveCfg = Debug|Any CPU
		{E55588AE-7703-4ED3-8FBD-DFAE1311C3A3}.Ad-Hoc|iPhoneSimulator.Build.0 = Debug|Any CPU
		{E55588AE-7703-4ED3-8FBD-DFAE1311C3A3}.Ad-Hoc|iPhoneSimulator.Deploy.0 = Debug|Any CPU
		{E55588AE-7703-4ED3-8FBD-DFAE1311C3A3}.AppStore|Any CPU.ActiveCfg = Debug|Any CPU
		{E55588AE-7703-4ED3-8FBD-DFAE1311C3A3}.AppStore|Any CPU.Build.0 = Debug|Any CPU
		{E55588AE-7703-4ED3-8FBD-DFAE1311C3A3}.AppStore|Any CPU.Deploy.0 = Debug|Any CPU
		{E55588AE-7703-4ED3-8FBD-DFAE1311C3A3}.AppStore|iPhone.ActiveCfg = Debug|Any CPU
		{E55588AE-7703-4ED3-8FBD-DFAE1311C3A3}.AppStore|iPhone.Build.0 = Debug|Any CPU
		{E55588AE-7703-4ED3-8FBD-DFAE1311C3A3}.AppStore|iPhone.Deploy.0 = Debug|Any CPU
		{E55588AE-7703-4ED3-8FBD-DFAE1311C3A3}.AppStore|iPhoneSimulator.ActiveCfg = Debug|Any CPU
		{E55588AE-7703-4ED3-8FBD-DFAE1311C3A3}.AppStore|iPhoneSimulator.Build.0 = Debug|Any CPU
		{E55588AE-7703-4ED3-8FBD-DFAE1311C3A3}.AppStore|iPhoneSimulator.Deploy.0 = Debug|Any CPU
		{E55588AE-7703-4ED3-8FBD-DFAE1311C3A3}.Debug|Any CPU.ActiveCfg = Debug|Any CPU
		{E55588AE-7703-4ED3-8FBD-DFAE1311C3A3}.Debug|Any CPU.Build.0 = Debug|Any CPU
		{E55588AE-7703-4ED3-8FBD-DFAE1311C3A3}.Debug|Any CPU.Deploy.0 = Debug|Any CPU
		{E55588AE-7703-4ED3-8FBD-DFAE1311C3A3}.Debug|iPhone.ActiveCfg = Debug|Any CPU
		{E55588AE-7703-4ED3-8FBD-DFAE1311C3A3}.Debug|iPhone.Build.0 = Debug|Any CPU
		{E55588AE-7703-4ED3-8FBD-DFAE1311C3A3}.Debug|iPhone.Deploy.0 = Debug|Any CPU
		{E55588AE-7703-4ED3-8FBD-DFAE1311C3A3}.Debug|iPhoneSimulator.ActiveCfg = Debug|Any CPU
		{E55588AE-7703-4ED3-8FBD-DFAE1311C3A3}.Debug|iPhoneSimulator.Build.0 = Debug|Any CPU
		{E55588AE-7703-4ED3-8FBD-DFAE1311C3A3}.Debug|iPhoneSimulator.Deploy.0 = Debug|Any CPU
		{E55588AE-7703-4ED3-8FBD-DFAE1311C3A3}.Release|Any CPU.ActiveCfg = Release|Any CPU
		{E55588AE-7703-4ED3-8FBD-DFAE1311C3A3}.Release|Any CPU.Build.0 = Release|Any CPU
		{E55588AE-7703-4ED3-8FBD-DFAE1311C3A3}.Release|Any CPU.Deploy.0 = Release|Any CPU
		{E55588AE-7703-4ED3-8FBD-DFAE1311C3A3}.Release|iPhone.ActiveCfg = Release|Any CPU
		{E55588AE-7703-4ED3-8FBD-DFAE1311C3A3}.Release|iPhone.Build.0 = Release|Any CPU
		{E55588AE-7703-4ED3-8FBD-DFAE1311C3A3}.Release|iPhone.Deploy.0 = Release|Any CPU
		{E55588AE-7703-4ED3-8FBD-DFAE1311C3A3}.Release|iPhoneSimulator.ActiveCfg = Release|Any CPU
		{E55588AE-7703-4ED3-8FBD-DFAE1311C3A3}.Release|iPhoneSimulator.Build.0 = Release|Any CPU
		{E55588AE-7703-4ED3-8FBD-DFAE1311C3A3}.Release|iPhoneSimulator.Deploy.0 = Release|Any CPU
	EndGlobalSection
	GlobalSection(SolutionProperties) = preSolution
		HideSolutionNode = FALSE
	EndGlobalSection
	GlobalSection(ExtensibilityGlobals) = postSolution
		SolutionGuid = {205AE3E4-4977-4AB5-A887-11305932E98F}
	EndGlobalSection
EndGlobal
